Microsoft Visual Studio Solution File, Format Version 12.00
# Visual Studio 2012
Project("{FAE04EC0-301F-11D3-BF4B-00C04F79EFBC}") = "SilverlightApplication1.Web", "SilverlightApplication1.Web\SilverlightApplication1.Web.csproj", "{93DC7634-9E1E-4219-BDC8-CD029A089E05}"
EndProject
Project("{FAE04EC0-301F-11D3-BF4B-00C04F79EFBC}") = "SilverlightApplication1", "SilverlightApplication1\SilverlightApplication1.csproj", "{B22E44DD-7FD8-4AB7-AA1C-E8DCC77B1F54}"
EndProject
Global
	GlobalSection(SolutionConfigurationPlatforms) = preSolution
		Debug|Any CPU = Debug|Any CPU
		Release|Any CPU = Release|Any CPU
	EndGlobalSection
	GlobalSection(ProjectConfigurationPlatforms) = postSolution
		{93DC7634-9E1E-4219-BDC8-CD029A089E05}.Debug|Any CPU.ActiveCfg = Debug|Any CPU
		{93DC7634-9E1E-4219-BDC8-CD029A089E05}.Debug|Any CPU.Build.0 = Debug|Any CPU
		{93DC7634-9E1E-4219-BDC8-CD029A089E05}.Release|Any CPU.ActiveCfg = Release|Any CPU
		{93DC7634-9E1E-4219-BDC8-CD029A089E05}.Release|Any CPU.Build.0 = Release|Any CPU
		{B22E44DD-7FD8-4AB7-AA1C-E8DCC77B1F54}.Debug|Any CPU.ActiveCfg = Debug|Any CPU
		{B22E44DD-7FD8-4AB7-AA1C-E8DCC77B1F54}.Debug|Any CPU.Build.0 = Debug|Any CPU
		{B22E44DD-7FD8-4AB7-AA1C-E8DCC77B1F54}.Release|Any CPU.ActiveCfg = Release|Any CPU
		{B22E44DD-7FD8-4AB7-AA1C-E8DCC77B1F54}.Release|Any CPU.Build.0 = Release|Any CPU
	EndGlobalSection
	GlobalSection(SolutionProperties) = preSolution
		HideSolutionNode = FALSE
	EndGlobalSection
EndGlobal
