Microsoft Visual Studio Solution File, Format Version 11.00
# Visual Studio 2010
Project("{F184B08F-C81C-45F6-A57F-5ABD9991F28F}") = "SilverlightApplication1", "SilverlightApplication1\SilverlightApplication1.vbproj", "{326776D5-3272-4EBA-9E98-A2849F705EF7}"
EndProject
Project("{F184B08F-C81C-45F6-A57F-5ABD9991F28F}") = "SilverlightApplication1.Web", "SilverlightApplication1.Web\SilverlightApplication1.Web.vbproj", "{1A78F0D5-E176-4FFA-A373-9EC377B3F030}"
EndProject
Global
	GlobalSection(SolutionConfigurationPlatforms) = preSolution
		Debug|Any CPU = Debug|Any CPU
		Release|Any CPU = Release|Any CPU
	EndGlobalSection
	GlobalSection(ProjectConfigurationPlatforms) = postSolution
		{326776D5-3272-4EBA-9E98-A2849F705EF7}.Debug|Any CPU.ActiveCfg = Debug|Any CPU
		{326776D5-3272-4EBA-9E98-A2849F705EF7}.Debug|Any CPU.Build.0 = Debug|Any CPU
		{326776D5-3272-4EBA-9E98-A2849F705EF7}.Release|Any CPU.ActiveCfg = Release|Any CPU
		{326776D5-3272-4EBA-9E98-A2849F705EF7}.Release|Any CPU.Build.0 = Release|Any CPU
		{1A78F0D5-E176-4FFA-A373-9EC377B3F030}.Debug|Any CPU.ActiveCfg = Debug|Any CPU
		{1A78F0D5-E176-4FFA-A373-9EC377B3F030}.Debug|Any CPU.Build.0 = Debug|Any CPU
		{1A78F0D5-E176-4FFA-A373-9EC377B3F030}.Release|Any CPU.ActiveCfg = Release|Any CPU
		{1A78F0D5-E176-4FFA-A373-9EC377B3F030}.Release|Any CPU.Build.0 = Release|Any CPU
	EndGlobalSection
	GlobalSection(SolutionProperties) = preSolution
		HideSolutionNode = FALSE
	EndGlobalSection
EndGlobal
